<Solution>
  <Folder Name="/Solution Items/">
    <File Path=".env" />
    <File Path=".github/workflows/build.yml" />
    <File Path=".gitignore" />
    <File Path="docker-compose.yml" />
    <File Path="README.md" />
  </Folder>
  <Folder Name="/src/">
    <Folder Name="/src/BuildingBlocks/">
      <Project Path="src/BuildingBlocks/BuildingBlocks.csproj" />
    </Folder>
    <Folder Name="/src/Bootstrapper/">
      <Project Path="src/Bootstrapper/Api/Api.csproj" />
    </Folder>
    <Folder Name="/src/Modules/">
      <Project Path="src/Modules/Todos/Todos.csproj" />
    </Folder>
  </Folder>
  <Folder Name="/tests/">
    <Project Path="tests/ReadyTemplate.IntegrationTests/ReadyTemplate.IntegrationTests.csproj" />
    <Project Path="tests/ReadyTemplate.UnitTests/ReadyTemplate.UnitTests.csproj" />
  </Folder>
</Solution>
